{
  "name": "asp.net",
  "version": "1.0.0",
  "lockfileVersion": 1,
  "requires": true,
  "dependencies": {
    "animate.css": {
      "version": "3.6.1",
      "resolved": "https://registry.npmjs.org/animate.css/-/animate.css-3.6.1.tgz",
      "integrity": "sha512-xEIzzKyQvQSIldgrtC2d/qptAEQLVlMb6xQrjQ6HU6NyGhF7LAIivRZVmhSAg4EICRASNiS+A1G+wvAKTCoC7A==",
      "dev": true
    },
    "bootstrap": {
      "version": "4.1.0",
      "resolved": "https://registry.npmjs.org/bootstrap/-/bootstrap-4.1.0.tgz",
      "integrity": "sha512-kCo82nE8qYVfOa/Z3hL98CPgPIEkh6iPdiJrUJMQ9n9r0+6PEET7cmhLlV0XVYmEj5QtKIOaSGMLxy5jSFhKog==",
      "dev": true
    },
    "d3": {
      "version": "3.5.17",
      "resolved": "https://registry.npmjs.org/d3/-/d3-3.5.17.tgz",
      "integrity": "sha1-vEZ0gAQ3iyGjYMn8fPUjF5B2L7g=",
      "dev": true
    },
    "datatables": {
      "version": "1.10.13",
      "resolved": "https://registry.npmjs.org/datatables/-/datatables-1.10.13.tgz",
      "integrity": "sha1-m7Lexvfc8CBJoA5PDn0/4AnDk0Y=",
      "dev": true,
      "requires": {
        "jquery": ">=1.7"
      }
    },
    "datatables-responsive": {
      "version": "1.0.7",
      "resolved": "https://registry.npmjs.org/datatables-responsive/-/datatables-responsive-1.0.7.tgz",
      "integrity": "sha1-2Q5FeB3CF5+dIA37fwjv9JIJb84=",
      "dev": true,
      "requires": {
        "datatables": ">=1.10.1",
        "jquery": ">=1.7.0"
      }
    },
    "datatables.net": {
      "version": "1.10.16",
      "resolved": "https://registry.npmjs.org/datatables.net/-/datatables.net-1.10.16.tgz",
      "integrity": "sha1-SwUtEIKCQmG2ju2dInQbcR09JGk=",
      "dev": true,
      "requires": {
        "jquery": ">=1.7"
      }
    },
    "fullcalendar": {
      "version": "3.9.0",
      "resolved": "https://registry.npmjs.org/fullcalendar/-/fullcalendar-3.9.0.tgz",
      "integrity": "sha512-bbALDK8+SBqluv8SKPDeVNtaSr87NYblte/pRgV5NnDJWCEARpRlQ1qQ/XEakcAXbMZov6rWYIvLOrtKwQo2Bg==",
      "dev": true,
      "requires": {
        "jquery": "2 - 3",
        "moment": "^2.20.1"
      }
    },
    "jquery": {
      "version": "3.3.1",
      "resolved": "https://registry.npmjs.org/jquery/-/jquery-3.3.1.tgz",
      "integrity": "sha512-Ubldcmxp5np52/ENotGxlLe6aGMvmF4R8S6tZjsP6Knsaxd/xp3Zrh50cG93lR6nPXyUFwzN3ZSOQI0wRJNdGg==",
      "dev": true
    },
    "mobile-detect": {
      "version": "1.4.1",
      "resolved": "https://registry.npmjs.org/mobile-detect/-/mobile-detect-1.4.1.tgz",
      "integrity": "sha512-wYtier+BCRtNDGxOEoPXcjarafY7Z5I0dgx+M6/Sa8h1J8VIsgZ40IOiD/F6bMUZZ8hMW1bIMZUnkNDnJyeTQA==",
      "dev": true
    },
    "moment": {
      "version": "2.22.1",
      "resolved": "https://registry.npmjs.org/moment/-/moment-2.22.1.tgz",
      "integrity": "sha512-shJkRTSebXvsVqk56I+lkb2latjBs8I+pc2TzWc545y2iFnSjm7Wg0QMh+ZWcdSLQyGEau5jI8ocnmkyTgr9YQ==",
      "dev": true
    },
    "nvd3": {
      "version": "1.8.6",
      "resolved": "https://registry.npmjs.org/nvd3/-/nvd3-1.8.6.tgz",
      "integrity": "sha1-LT66dL8zNjtRAevx0JPFmlOuc8Q=",
      "dev": true
    },
    "perfect-scrollbar": {
      "version": "1.3.0",
      "resolved": "https://registry.npmjs.org/perfect-scrollbar/-/perfect-scrollbar-1.3.0.tgz",
      "integrity": "sha512-7Ub8YOvZB5k+pTy0K3LYUDnH9Xl3qvHcclJyIX+AV5UxHxll146iVGq4rtc+848nTDBQq89J7QxKKMA++cTXzQ==",
      "dev": true
    },
    "pnotify": {
      "version": "4.0.0-alpha.2",
      "resolved": "https://registry.npmjs.org/pnotify/-/pnotify-4.0.0-alpha.2.tgz",
      "integrity": "sha512-VdujgClM57kgxRZ4mUxM0f44oXTlnwQCHjXSIeS927mNIcH8M+ff90XtAkSadFO0tS6MBTsdbdjjvkA+tMZTzA==",
      "dev": true
    },
    "popper.js": {
      "version": "1.14.3",
      "resolved": "https://registry.npmjs.org/popper.js/-/popper.js-1.14.3.tgz",
      "integrity": "sha1-FDj5jQRqz3tNeM1QK/QYrGTU8JU=",
      "dev": true
    }
  }
}
