
Microsoft Visual Studio Solution File, Format Version 12.00
# Visual Studio 15
VisualStudioVersion = 15.0.28307.168
MinimumVisualStudioVersion = 10.0.40219.1
Project("{FAE04EC0-301F-11D3-BF4B-00C04F79EFBC}") = "TemplateBootstrap", "TemplateBootstrap\TemplateBootstrap.csproj", "{990D626C-C060-4004-8236-057D6320DEEA}"
EndProject
Global
	GlobalSection(SolutionConfigurationPlatforms) = preSolution
		Debug|Any CPU = Debug|Any CPU
		Release|Any CPU = Release|Any CPU
	EndGlobalSection
	GlobalSection(ProjectConfigurationPlatforms) = postSolution
		{990D626C-C060-4004-8236-057D6320DEEA}.Debug|Any CPU.ActiveCfg = Debug|Any CPU
		{990D626C-C060-4004-8236-057D6320DEEA}.Debug|Any CPU.Build.0 = Debug|Any CPU
		{990D626C-C060-4004-8236-057D6320DEEA}.Release|Any CPU.ActiveCfg = Release|Any CPU
		{990D626C-C060-4004-8236-057D6320DEEA}.Release|Any CPU.Build.0 = Release|Any CPU
	EndGlobalSection
	GlobalSection(SolutionProperties) = preSolution
		HideSolutionNode = FALSE
	EndGlobalSection
	GlobalSection(ExtensibilityGlobals) = postSolution
		SolutionGuid = {F5FF99CC-CB01-4308-8BCC-37ED3A5AAA37}
	EndGlobalSection
EndGlobal
